
Microsoft Visual Studio Solution File, Format Version 12.00
# Visual Studio 15
VisualStudioVersion = 15.0.27130.2010
MinimumVisualStudioVersion = 10.0.40219.1
Project("{FAE04EC0-301F-11D3-BF4B-00C04F79EFBC}") = "AppTeoriaBD1", "AppTeoriaBD1\AppTeoriaBD1.csproj", "{79ADE3E2-A9E7-43FD-BB33-6CA9E52F6371}"
EndProject
Global
	GlobalSection(SolutionConfigurationPlatforms) = preSolution
		Debug|Any CPU = Debug|Any CPU
		Release|Any CPU = Release|Any CPU
	EndGlobalSection
	GlobalSection(ProjectConfigurationPlatforms) = postSolution
		{79ADE3E2-A9E7-43FD-BB33-6CA9E52F6371}.Debug|Any CPU.ActiveCfg = Debug|Any CPU
		{79ADE3E2-A9E7-43FD-BB33-6CA9E52F6371}.Debug|Any CPU.Build.0 = Debug|Any CPU
		{79ADE3E2-A9E7-43FD-BB33-6CA9E52F6371}.Release|Any CPU.ActiveCfg = Release|Any CPU
		{79ADE3E2-A9E7-43FD-BB33-6CA9E52F6371}.Release|Any CPU.Build.0 = Release|Any CPU
	EndGlobalSection
	GlobalSection(SolutionProperties) = preSolution
		HideSolutionNode = FALSE
	EndGlobalSection
	GlobalSection(ExtensibilityGlobals) = postSolution
		SolutionGuid = {7FE56161-4F57-423B-9468-E09888526C46}
	EndGlobalSection
EndGlobal
